
Microsoft Visual Studio Solution File, Format Version 12.00
# Visual Studio Version 16
VisualStudioVersion = 16.0.29306.81
MinimumVisualStudioVersion = 10.0.40219.1
Project("{FAE04EC0-301F-11D3-BF4B-00C04F79EFBC}") = "Prodavnica", "Prodavnica\Prodavnica.csproj", "{B1992481-97F8-4CF0-99E1-939F0AA5C61E}"
EndProject
Project("{FAE04EC0-301F-11D3-BF4B-00C04F79EFBC}") = "Prodavnica.Common.Models", "Prodavnica.Common.Models\Prodavnica.Common.Models.csproj", "{50045F0F-B154-47A4-8E86-83D78D941DED}"
EndProject
Project("{FAE04EC0-301F-11D3-BF4B-00C04F79EFBC}") = "Prodavnica.Common.Interfaces", "Prodavnica.Common.Interfaces\Prodavnica.Common.Interfaces.csproj", "{70766D42-4E35-4D2B-8D55-B57B406FEDDD}"
EndProject
Project("{FAE04EC0-301F-11D3-BF4B-00C04F79EFBC}") = "Prodavnica.DAL.Context", "Prodavnica.DAL.Context\Prodavnica.DAL.Context.csproj", "{30F3EFFF-AF87-4367-A1F9-5AF0788A1786}"
EndProject
Project("{FAE04EC0-301F-11D3-BF4B-00C04F79EFBC}") = "Prodavnica.DAL.RepositoryPattern", "Prodavnica.DAL.RepositoryPattern\Prodavnica.DAL.RepositoryPattern.csproj", "{B6853E2B-E2AB-4DCB-8BDD-A30248D8F10E}"
EndProject
Global
	GlobalSection(SolutionConfigurationPlatforms) = preSolution
		Debug|Any CPU = Debug|Any CPU
		Release|Any CPU = Release|Any CPU
	EndGlobalSection
	GlobalSection(ProjectConfigurationPlatforms) = postSolution
		{B1992481-97F8-4CF0-99E1-939F0AA5C61E}.Debug|Any CPU.ActiveCfg = Debug|Any CPU
		{B1992481-97F8-4CF0-99E1-939F0AA5C61E}.Debug|Any CPU.Build.0 = Debug|Any CPU
		{B1992481-97F8-4CF0-99E1-939F0AA5C61E}.Release|Any CPU.ActiveCfg = Release|Any CPU
		{B1992481-97F8-4CF0-99E1-939F0AA5C61E}.Release|Any CPU.Build.0 = Release|Any CPU
		{50045F0F-B154-47A4-8E86-83D78D941DED}.Debug|Any CPU.ActiveCfg = Debug|Any CPU
		{50045F0F-B154-47A4-8E86-83D78D941DED}.Debug|Any CPU.Build.0 = Debug|Any CPU
		{50045F0F-B154-47A4-8E86-83D78D941DED}.Release|Any CPU.ActiveCfg = Release|Any CPU
		{50045F0F-B154-47A4-8E86-83D78D941DED}.Release|Any CPU.Build.0 = Release|Any CPU
		{70766D42-4E35-4D2B-8D55-B57B406FEDDD}.Debug|Any CPU.ActiveCfg = Debug|Any CPU
		{70766D42-4E35-4D2B-8D55-B57B406FEDDD}.Debug|Any CPU.Build.0 = Debug|Any CPU
		{70766D42-4E35-4D2B-8D55-B57B406FEDDD}.Release|Any CPU.ActiveCfg = Release|Any CPU
		{70766D42-4E35-4D2B-8D55-B57B406FEDDD}.Release|Any CPU.Build.0 = Release|Any CPU
		{30F3EFFF-AF87-4367-A1F9-5AF0788A1786}.Debug|Any CPU.ActiveCfg = Debug|Any CPU
		{30F3EFFF-AF87-4367-A1F9-5AF0788A1786}.Debug|Any CPU.Build.0 = Debug|Any CPU
		{30F3EFFF-AF87-4367-A1F9-5AF0788A1786}.Release|Any CPU.ActiveCfg = Release|Any CPU
		{30F3EFFF-AF87-4367-A1F9-5AF0788A1786}.Release|Any CPU.Build.0 = Release|Any CPU
		{B6853E2B-E2AB-4DCB-8BDD-A30248D8F10E}.Debug|Any CPU.ActiveCfg = Debug|Any CPU
		{B6853E2B-E2AB-4DCB-8BDD-A30248D8F10E}.Debug|Any CPU.Build.0 = Debug|Any CPU
		{B6853E2B-E2AB-4DCB-8BDD-A30248D8F10E}.Release|Any CPU.ActiveCfg = Release|Any CPU
		{B6853E2B-E2AB-4DCB-8BDD-A30248D8F10E}.Release|Any CPU.Build.0 = Release|Any CPU
	EndGlobalSection
	GlobalSection(SolutionProperties) = preSolution
		HideSolutionNode = FALSE
	EndGlobalSection
	GlobalSection(ExtensibilityGlobals) = postSolution
		SolutionGuid = {DFE74681-8C39-4CF9-86E1-F36672016C4C}
	EndGlobalSection
EndGlobal
